
Microsoft Visual Studio Solution File, Format Version 12.00
# Visual Studio Version 17
VisualStudioVersion = 17.0.31903.59
MinimumVisualStudioVersion = 10.0.40219.1
Project("{2150E333-8FDC-42A3-9474-1A3956D46DE8}") = "src", "src", "{827E0CD3-B72D-47B6-A68D-7590B98EB39B}"
EndProject
Project("{FAE04EC0-301F-11D3-BF4B-00C04F79EFBC}") = "Janus.Domain", "src\Janus.Domain\Janus.Domain.csproj", "{36CB7333-FB14-4348-928E-187CDA031157}"
EndProject
Project("{FAE04EC0-301F-11D3-BF4B-00C04F79EFBC}") = "Janus.Application", "src\Janus.Application\Janus.Application.csproj", "{1901AC57-F727-4FD9-B63F-3788EC79A2FE}"
EndProject
Project("{FAE04EC0-301F-11D3-BF4B-00C04F79EFBC}") = "Janus.Infrastructure", "src\Janus.Infrastructure\Janus.Infrastructure.csproj", "{30C1B869-E100-4217-86DE-56D36DDC07A1}"
EndProject
Project("{FAE04EC0-301F-11D3-BF4B-00C04F79EFBC}") = "Janus.API", "src\Janus.API\Janus.API.csproj", "{BE958277-23E8-410C-8F84-52D080A3D005}"
EndProject
Global
	GlobalSection(SolutionConfigurationPlatforms) = preSolution
		Debug|Any CPU = Debug|Any CPU
		Debug|x64 = Debug|x64
		Debug|x86 = Debug|x86
		Release|Any CPU = Release|Any CPU
		Release|x64 = Release|x64
		Release|x86 = Release|x86
	EndGlobalSection
	GlobalSection(ProjectConfigurationPlatforms) = postSolution
		{36CB7333-FB14-4348-928E-187CDA031157}.Debug|Any CPU.ActiveCfg = Debug|Any CPU
		{36CB7333-FB14-4348-928E-187CDA031157}.Debug|Any CPU.Build.0 = Debug|Any CPU
		{36CB7333-FB14-4348-928E-187CDA031157}.Debug|x64.ActiveCfg = Debug|Any CPU
		{36CB7333-FB14-4348-928E-187CDA031157}.Debug|x64.Build.0 = Debug|Any CPU
		{36CB7333-FB14-4348-928E-187CDA031157}.Debug|x86.ActiveCfg = Debug|Any CPU
		{36CB7333-FB14-4348-928E-187CDA031157}.Debug|x86.Build.0 = Debug|Any CPU
		{36CB7333-FB14-4348-928E-187CDA031157}.Release|Any CPU.ActiveCfg = Release|Any CPU
		{36CB7333-FB14-4348-928E-187CDA031157}.Release|Any CPU.Build.0 = Release|Any CPU
		{36CB7333-FB14-4348-928E-187CDA031157}.Release|x64.ActiveCfg = Release|Any CPU
		{36CB7333-FB14-4348-928E-187CDA031157}.Release|x64.Build.0 = Release|Any CPU
		{36CB7333-FB14-4348-928E-187CDA031157}.Release|x86.ActiveCfg = Release|Any CPU
		{36CB7333-FB14-4348-928E-187CDA031157}.Release|x86.Build.0 = Release|Any CPU
		{1901AC57-F727-4FD9-B63F-3788EC79A2FE}.Debug|Any CPU.ActiveCfg = Debug|Any CPU
		{1901AC57-F727-4FD9-B63F-3788EC79A2FE}.Debug|Any CPU.Build.0 = Debug|Any CPU
		{1901AC57-F727-4FD9-B63F-3788EC79A2FE}.Debug|x64.ActiveCfg = Debug|Any CPU
		{1901AC57-F727-4FD9-B63F-3788EC79A2FE}.Debug|x64.Build.0 = Debug|Any CPU
		{1901AC57-F727-4FD9-B63F-3788EC79A2FE}.Debug|x86.ActiveCfg = Debug|Any CPU
		{1901AC57-F727-4FD9-B63F-3788EC79A2FE}.Debug|x86.Build.0 = Debug|Any CPU
		{1901AC57-F727-4FD9-B63F-3788EC79A2FE}.Release|Any CPU.ActiveCfg = Release|Any CPU
		{1901AC57-F727-4FD9-B63F-3788EC79A2FE}.Release|Any CPU.Build.0 = Release|Any CPU
		{1901AC57-F727-4FD9-B63F-3788EC79A2FE}.Release|x64.ActiveCfg = Release|Any CPU
		{1901AC57-F727-4FD9-B63F-3788EC79A2FE}.Release|x64.Build.0 = Release|Any CPU
		{1901AC57-F727-4FD9-B63F-3788EC79A2FE}.Release|x86.ActiveCfg = Release|Any CPU
		{1901AC57-F727-4FD9-B63F-3788EC79A2FE}.Release|x86.Build.0 = Release|Any CPU
		{30C1B869-E100-4217-86DE-56D36DDC07A1}.Debug|Any CPU.ActiveCfg = Debug|Any CPU
		{30C1B869-E100-4217-86DE-56D36DDC07A1}.Debug|Any CPU.Build.0 = Debug|Any CPU
		{30C1B869-E100-4217-86DE-56D36DDC07A1}.Debug|x64.ActiveCfg = Debug|Any CPU
		{30C1B869-E100-4217-86DE-56D36DDC07A1}.Debug|x64.Build.0 = Debug|Any CPU
		{30C1B869-E100-4217-86DE-56D36DDC07A1}.Debug|x86.ActiveCfg = Debug|Any CPU
		{30C1B869-E100-4217-86DE-56D36DDC07A1}.Debug|x86.Build.0 = Debug|Any CPU
		{30C1B869-E100-4217-86DE-56D36DDC07A1}.Release|Any CPU.ActiveCfg = Release|Any CPU
		{30C1B869-E100-4217-86DE-56D36DDC07A1}.Release|Any CPU.Build.0 = Release|Any CPU
		{30C1B869-E100-4217-86DE-56D36DDC07A1}.Release|x64.ActiveCfg = Release|Any CPU
		{30C1B869-E100-4217-86DE-56D36DDC07A1}.Release|x64.Build.0 = Release|Any CPU
		{30C1B869-E100-4217-86DE-56D36DDC07A1}.Release|x86.ActiveCfg = Release|Any CPU
		{30C1B869-E100-4217-86DE-56D36DDC07A1}.Release|x86.Build.0 = Release|Any CPU
		{BE958277-23E8-410C-8F84-52D080A3D005}.Debug|Any CPU.ActiveCfg = Debug|Any CPU
		{BE958277-23E8-410C-8F84-52D080A3D005}.Debug|Any CPU.Build.0 = Debug|Any CPU
		{BE958277-23E8-410C-8F84-52D080A3D005}.Debug|x64.ActiveCfg = Debug|Any CPU
		{BE958277-23E8-410C-8F84-52D080A3D005}.Debug|x64.Build.0 = Debug|Any CPU
		{BE958277-23E8-410C-8F84-52D080A3D005}.Debug|x86.ActiveCfg = Debug|Any CPU
		{BE958277-23E8-410C-8F84-52D080A3D005}.Debug|x86.Build.0 = Debug|Any CPU
		{BE958277-23E8-410C-8F84-52D080A3D005}.Release|Any CPU.ActiveCfg = Release|Any CPU
		{BE958277-23E8-410C-8F84-52D080A3D005}.Release|Any CPU.Build.0 = Release|Any CPU
		{BE958277-23E8-410C-8F84-52D080A3D005}.Release|x64.ActiveCfg = Release|Any CPU
		{BE958277-23E8-410C-8F84-52D080A3D005}.Release|x64.Build.0 = Release|Any CPU
		{BE958277-23E8-410C-8F84-52D080A3D005}.Release|x86.ActiveCfg = Release|Any CPU
		{BE958277-23E8-410C-8F84-52D080A3D005}.Release|x86.Build.0 = Release|Any CPU
	EndGlobalSection
	GlobalSection(SolutionProperties) = preSolution
		HideSolutionNode = FALSE
	EndGlobalSection
	GlobalSection(NestedProjects) = preSolution
		{36CB7333-FB14-4348-928E-187CDA031157} = {827E0CD3-B72D-47B6-A68D-7590B98EB39B}
		{1901AC57-F727-4FD9-B63F-3788EC79A2FE} = {827E0CD3-B72D-47B6-A68D-7590B98EB39B}
		{30C1B869-E100-4217-86DE-56D36DDC07A1} = {827E0CD3-B72D-47B6-A68D-7590B98EB39B}
		{BE958277-23E8-410C-8F84-52D080A3D005} = {827E0CD3-B72D-47B6-A68D-7590B98EB39B}
	EndGlobalSection
EndGlobal
